
Microsoft Visual Studio Solution File, Format Version 12.00
# Visual Studio 14
VisualStudioVersion = 14.0.23107.0
MinimumVisualStudioVersion = 10.0.40219.1
Project("{9092AA53-FB77-4645-B42D-1CCCA6BD08BD}") = "VideoTaggingTool", "VideoTaggingTool.njsproj", "{7DE89CBD-49C7-4D8F-AC32-18C7172B1C9D}"
EndProject
Global
	GlobalSection(SolutionConfigurationPlatforms) = preSolution
		Debug|Any CPU = Debug|Any CPU
		Release|Any CPU = Release|Any CPU
	EndGlobalSection
	GlobalSection(ProjectConfigurationPlatforms) = postSolution
		{7DE89CBD-49C7-4D8F-AC32-18C7172B1C9D}.Debug|Any CPU.ActiveCfg = Debug|Any CPU
		{7DE89CBD-49C7-4D8F-AC32-18C7172B1C9D}.Debug|Any CPU.Build.0 = Debug|Any CPU
		{7DE89CBD-49C7-4D8F-AC32-18C7172B1C9D}.Release|Any CPU.ActiveCfg = Release|Any CPU
		{7DE89CBD-49C7-4D8F-AC32-18C7172B1C9D}.Release|Any CPU.Build.0 = Release|Any CPU
	EndGlobalSection
	GlobalSection(SolutionProperties) = preSolution
		HideSolutionNode = FALSE
	EndGlobalSection
EndGlobal
